
Microsoft Visual Studio Solution File, Format Version 12.00
# Visual Studio 15
VisualStudioVersion = 15.0.27130.2036
MinimumVisualStudioVersion = 10.0.40219.1
Project("{9A19103F-16F7-4668-BE54-9A1E7A4F7556}") = "DotJEM.AspNetCore.FluentRouting", "DotJEM.AspNetCore.FluentRouting\DotJEM.AspNetCore.FluentRouting.csproj", "{FE410C5A-3789-4D74-AB92-0D6DD3EB4645}"
EndProject
Project("{2150E333-8FDC-42A3-9474-1A3956D46DE8}") = "Demos", "Demos", "{7675DE16-B555-4A01-83A8-540CFE2BB5FD}"
EndProject
Project("{2150E333-8FDC-42A3-9474-1A3956D46DE8}") = "NetFramework", "NetFramework", "{19186E5D-B1DB-4CC4-8ED2-A7FD2908CF9B}"
EndProject
Project("{2150E333-8FDC-42A3-9474-1A3956D46DE8}") = "NetCore", "NetCore", "{9478C941-9F4F-47E6-A85F-CC1BF49FED17}"
EndProject
Project("{9A19103F-16F7-4668-BE54-9A1E7A4F7556}") = "Debugging", "Debugging\Debugging.csproj", "{2D42E684-504D-4A2D-95F2-7AE4F2DED1CB}"
EndProject
Project("{2150E333-8FDC-42A3-9474-1A3956D46DE8}") = "SolutionItems", "SolutionItems", "{3CA1A03F-A434-41CC-A7BC-BE2C7351BA80}"
	ProjectSection(SolutionItems) = preProject
		..\.gitignore = ..\.gitignore
		..\appveyor.yml = ..\appveyor.yml
		..\LICENSE = ..\LICENSE
		..\README.md = ..\README.md
	EndProjectSection
EndProject
Project("{9A19103F-16F7-4668-BE54-9A1E7A4F7556}") = "DotJEM.AspNetCore.FluentRouting.Views", "DotJEM.AspNetCore.FluentRouting.Views\DotJEM.AspNetCore.FluentRouting.Views.csproj", "{28A173BE-F509-44EE-9391-95CA361EB702}"
EndProject
Global
	GlobalSection(SolutionConfigurationPlatforms) = preSolution
		Debug|Any CPU = Debug|Any CPU
		Release|Any CPU = Release|Any CPU
	EndGlobalSection
	GlobalSection(ProjectConfigurationPlatforms) = postSolution
		{FE410C5A-3789-4D74-AB92-0D6DD3EB4645}.Debug|Any CPU.ActiveCfg = Debug|Any CPU
		{FE410C5A-3789-4D74-AB92-0D6DD3EB4645}.Debug|Any CPU.Build.0 = Debug|Any CPU
		{FE410C5A-3789-4D74-AB92-0D6DD3EB4645}.Release|Any CPU.ActiveCfg = Release|Any CPU
		{FE410C5A-3789-4D74-AB92-0D6DD3EB4645}.Release|Any CPU.Build.0 = Release|Any CPU
		{2D42E684-504D-4A2D-95F2-7AE4F2DED1CB}.Debug|Any CPU.ActiveCfg = Debug|Any CPU
		{2D42E684-504D-4A2D-95F2-7AE4F2DED1CB}.Debug|Any CPU.Build.0 = Debug|Any CPU
		{2D42E684-504D-4A2D-95F2-7AE4F2DED1CB}.Release|Any CPU.ActiveCfg = Release|Any CPU
		{2D42E684-504D-4A2D-95F2-7AE4F2DED1CB}.Release|Any CPU.Build.0 = Release|Any CPU
		{28A173BE-F509-44EE-9391-95CA361EB702}.Debug|Any CPU.ActiveCfg = Debug|Any CPU
		{28A173BE-F509-44EE-9391-95CA361EB702}.Debug|Any CPU.Build.0 = Debug|Any CPU
		{28A173BE-F509-44EE-9391-95CA361EB702}.Release|Any CPU.ActiveCfg = Release|Any CPU
		{28A173BE-F509-44EE-9391-95CA361EB702}.Release|Any CPU.Build.0 = Release|Any CPU
	EndGlobalSection
	GlobalSection(SolutionProperties) = preSolution
		HideSolutionNode = FALSE
	EndGlobalSection
	GlobalSection(NestedProjects) = preSolution
		{19186E5D-B1DB-4CC4-8ED2-A7FD2908CF9B} = {7675DE16-B555-4A01-83A8-540CFE2BB5FD}
		{9478C941-9F4F-47E6-A85F-CC1BF49FED17} = {7675DE16-B555-4A01-83A8-540CFE2BB5FD}
		{2D42E684-504D-4A2D-95F2-7AE4F2DED1CB} = {19186E5D-B1DB-4CC4-8ED2-A7FD2908CF9B}
	EndGlobalSection
	GlobalSection(ExtensibilityGlobals) = postSolution
		SolutionGuid = {D411CC1C-CAC0-409E-9AF8-F983362086EE}
	EndGlobalSection
EndGlobal
